// !$*UTF8*$!
{
	archiveVersion = 1;
	classes = {
	};
	objectVersion = 52;
	objects = {

/* Begin PBXBuildFile section */
		0B3523C123BDE1E5005EC506 /* AppDelegate.swift in Sources */ = {isa = PBXBuildFile; fileRef = 0B3523C023BDE1E5005EC506 /* AppDelegate.swift */; };
		0B3523C323BDE1E5005EC506 /* SceneDelegate.swift in Sources */ = {isa = PBXBuildFile; fileRef = 0B3523C223BDE1E5005EC506 /* SceneDelegate.swift */; };
		0B3523C523BDE1E5005EC506 /* ViewController.swift in Sources */ = {isa = PBXBuildFile; fileRef = 0B3523C423BDE1E5005EC506 /* ViewController.swift */; };
		0B3523C823BDE1E5005EC506 /* Main.storyboard in Resources */ = {isa = PBXBuildFile; fileRef = 0B3523C623BDE1E5005EC506 /* Main.storyboard */; };
		0B3523CA23BDE1E9005EC506 /* Assets.xcassets in Resources */ = {isa = PBXBuildFile; fileRef = 0B3523C923BDE1E9005EC506 /* Assets.xcassets */; };
		0B3523CD23BDE1E9005EC506 /* LaunchScreen.storyboard in Resources */ = {isa = PBXBuildFile; fileRef = 0B3523CB23BDE1E9005EC506 /* LaunchScreen.storyboard */; };
		0B3523D723BDEC55005EC506 /* Realm in Frameworks */ = {isa = PBXBuildFile; productRef = 0B3523D623BDEC55005EC506 /* Realm */; };
		0B3523D923BDEC56005EC506 /* RealmSwift in Frameworks */ = {isa = PBXBuildFile; productRef = 0B3523D823BDEC56005EC506 /* RealmSwift */; };
		0B3523DB23BDF0AD005EC506 /* Task.swift in Sources */ = {isa = PBXBuildFile; fileRef = 0B3523DA23BDF0AD005EC506 /* Task.swift */; };
		0B792F1D23C1BA36006300C2 /* CustomTableViewCell.swift in Sources */ = {isa = PBXBuildFile; fileRef = 0B792F1C23C1BA36006300C2 /* CustomTableViewCell.swift */; };
/* End PBXBuildFile section */

/* Begin PBXFileReference section */
		0B3523BD23BDE1E5005EC506 /* Relm Practice.app */ = {isa = PBXFileReference; explicitFileType = wrapper.application; includeInIndex = 0; path = "Relm Practice.app"; sourceTree = BUILT_PRODUCTS_DIR; };
		0B3523C023BDE1E5005EC506 /* AppDelegate.swift */ = {isa = PBXFileReference; lastKnownFileType = sourcecode.swift; path = AppDelegate.swift; sourceTree = "<group>"; };
		0B3523C223BDE1E5005EC506 /* SceneDelegate.swift */ = {isa = PBXFileReference; lastKnownFileType = sourcecode.swift; path = SceneDelegate.swift; sourceTree = "<group>"; };
		0B3523C423BDE1E5005EC506 /* ViewController.swift */ = {isa = PBXFileReference; lastKnownFileType = sourcecode.swift; path = ViewController.swift; sourceTree = "<group>"; };
		0B3523C723BDE1E5005EC506 /* Base */ = {isa = PBXFileReference; lastKnownFileType = file.storyboard; name = Base; path = Base.lproj/Main.storyboard; sourceTree = "<group>"; };
		0B3523C923BDE1E9005EC506 /* Assets.xcassets */ = {isa = PBXFileReference; lastKnownFileType = folder.assetcatalog; path = Assets.xcassets; sourceTree = "<group>"; };
		0B3523CC23BDE1E9005EC506 /* Base */ = {isa = PBXFileReference; lastKnownFileType = file.storyboard; name = Base; path = Base.lproj/LaunchScreen.storyboard; sourceTree = "<group>"; };
		0B3523CE23BDE1E9005EC506 /* Info.plist */ = {isa = PBXFileReference; lastKnownFileType = text.plist.xml; path = Info.plist; sourceTree = "<group>"; };
		0B3523DA23BDF0AD005EC506 /* Task.swift */ = {isa = PBXFileReference; lastKnownFileType = sourcecode.swift; path = Task.swift; sourceTree = "<group>"; };
		0B792F1C23C1BA36006300C2 /* CustomTableViewCell.swift */ = {isa = PBXFileReference; lastKnownFileType = sourcecode.swift; path = CustomTableViewCell.swift; sourceTree = "<group>"; };
/* End PBXFileReference section */

/* Begin PBXFrameworksBuildPhase section */
		0B3523BA23BDE1E5005EC506 /* Frameworks */ = {
			isa = PBXFrameworksBuildPhase;
			buildActionMask = 2147483647;
			files = (
				0B3523D923BDEC56005EC506 /* RealmSwift in Frameworks */,
				0B3523D723BDEC55005EC506 /* Realm in Frameworks */,
			);
			runOnlyForDeploymentPostprocessing = 0;
		};
/* End PBXFrameworksBuildPhase section */

/* Begin PBXGroup section */
		0B3523B423BDE1E4005EC506 = {
			isa = PBXGroup;
			children = (
				0B3523BF23BDE1E5005EC506 /* Relm Practice */,
				0B3523BE23BDE1E5005EC506 /* Products */,
			);
			sourceTree = "<group>";
		};
		0B3523BE23BDE1E5005EC506 /* Products */ = {
			isa = PBXGroup;
			children = (
				0B3523BD23BDE1E5005EC506 /* Relm Practice.app */,
			);
			name = Products;
			sourceTree = "<group>";
		};
		0B3523BF23BDE1E5005EC506 /* Relm Practice */ = {
			isa = PBXGroup;
			children = (
				0B3523C023BDE1E5005EC506 /* AppDelegate.swift */,
				0B3523C223BDE1E5005EC506 /* SceneDelegate.swift */,
				0B3523C423BDE1E5005EC506 /* ViewController.swift */,
				0B3523C623BDE1E5005EC506 /* Main.storyboard */,
				0B3523C923BDE1E9005EC506 /* Assets.xcassets */,
				0B3523CB23BDE1E9005EC506 /* LaunchScreen.storyboard */,
				0B3523CE23BDE1E9005EC506 /* Info.plist */,
				0B3523DA23BDF0AD005EC506 /* Task.swift */,
				0B792F1C23C1BA36006300C2 /* CustomTableViewCell.swift */,
			);
			path = "Relm Practice";
			sourceTree = "<group>";
		};
/* End PBXGroup section */

/* Begin PBXNativeTarget section */
		0B3523BC23BDE1E5005EC506 /* Relm Practice */ = {
			isa = PBXNativeTarget;
			buildConfigurationList = 0B3523D123BDE1E9005EC506 /* Build configuration list for PBXNativeTarget "Relm Practice" */;
			buildPhases = (
				0B3523B923BDE1E5005EC506 /* Sources */,
				0B3523BA23BDE1E5005EC506 /* Frameworks */,
				0B3523BB23BDE1E5005EC506 /* Resources */,
			);
			buildRules = (
			);
			dependencies = (
			);
			name = "Relm Practice";
			packageProductDependencies = (
				0B3523D623BDEC55005EC506 /* Realm */,
				0B3523D823BDEC56005EC506 /* RealmSwift */,
			);
			productName = "Relm Practice";
			productReference = 0B3523BD23BDE1E5005EC506 /* Relm Practice.app */;
			productType = "com.apple.product-type.application";
		};
/* End PBXNativeTarget section */

/* Begin PBXProject section */
		0B3523B523BDE1E4005EC506 /* Project object */ = {
			isa = PBXProject;
			attributes = {
				LastSwiftUpdateCheck = 1110;
				LastUpgradeCheck = 1110;
				ORGANIZATIONNAME = "Md Sifat";
				TargetAttributes = {
					0B3523BC23BDE1E5005EC506 = {
						CreatedOnToolsVersion = 11.1;
					};
				};
			};
			buildConfigurationList = 0B3523B823BDE1E4005EC506 /* Build configuration list for PBXProject "Relm Practice" */;
			compatibilityVersion = "Xcode 9.3";
			developmentRegion = en;
			hasScannedForEncodings = 0;
			knownRegions = (
				en,
				Base,
			);
			mainGroup = 0B3523B423BDE1E4005EC506;
			packageReferences = (
				0B3523D523BDEC55005EC506 /* XCRemoteSwiftPackageReference "realm-cocoa" */,
			);
			productRefGroup = 0B3523BE23BDE1E5005EC506 /* Products */;
			projectDirPath = "";
			projectRoot = "";
			targets = (
				0B3523BC23BDE1E5005EC506 /* Relm Practice */,
			);
		};
/* End PBXProject section */

/* Begin PBXResourcesBuildPhase section */
		0B3523BB23BDE1E5005EC506 /* Resources */ = {
			isa = PBXResourcesBuildPhase;
			buildActionMask = 2147483647;
			files = (
				0B3523CD23BDE1E9005EC506 /* LaunchScreen.storyboard in Resources */,
				0B3523CA23BDE1E9005EC506 /* Assets.xcassets in Resources */,
				0B3523C823BDE1E5005EC506 /* Main.storyboard in Resources */,
			);
			runOnlyForDeploymentPostprocessing = 0;
		};
/* End PBXResourcesBuildPhase section */

/* Begin PBXSourcesBuildPhase section */
		0B3523B923BDE1E5005EC506 /* Sources */ = {
			isa = PBXSourcesBuildPhase;
			buildActionMask = 2147483647;
			files = (
				0B3523DB23BDF0AD005EC506 /* Task.swift in Sources */,
				0B792F1D23C1BA36006300C2 /* CustomTableViewCell.swift in Sources */,
				0B3523C523BDE1E5005EC506 /* ViewController.swift in Sources */,
				0B3523C123BDE1E5005EC506 /* AppDelegate.swift in Sources */,
				0B3523C323BDE1E5005EC506 /* SceneDelegate.swift in Sources */,
			);
			runOnlyForDeploymentPostprocessing = 0;
		};
/* End PBXSourcesBuildPhase section */

/* Begin PBXVariantGroup section */
		0B3523C623BDE1E5005EC506 /* Main.storyboard */ = {
			isa = PBXVariantGroup;
			children = (
				0B3523C723BDE1E5005EC506 /* Base */,
			);
			name = Main.storyboard;
			sourceTree = "<group>";
		};
		0B3523CB23BDE1E9005EC506 /* LaunchScreen.storyboard */ = {
			isa = PBXVariantGroup;
			children = (
				0B3523CC23BDE1E9005EC506 /* Base */,
			);
			name = LaunchScreen.storyboard;
			sourceTree = "<group>";
		};
/* End PBXVariantGroup section */

/* Begin XCBuildConfiguration section */
		0B3523CF23BDE1E9005EC506 /* Debug */ = {
			isa = XCBuildConfiguration;
			buildSettings = {
				ALWAYS_SEARCH_USER_PATHS = NO;
				CLANG_ANALYZER_NONNULL = YES;
				CLANG_ANALYZER_NUMBER_OBJECT_CONVERSION = YES_AGGRESSIVE;
				CLANG_CXX_LANGUAGE_STANDARD = "gnu++14";
				CLANG_CXX_LIBRARY = "libc++";
				CLANG_ENABLE_MODULES = YES;
				CLANG_ENABLE_OBJC_ARC = YES;
				CLANG_ENABLE_OBJC_WEAK = YES;
				CLANG_WARN_BLOCK_CAPTURE_AUTORELEASING = YES;
				CLANG_WARN_BOOL_CONVERSION = YES;
				CLANG_WARN_COMMA = YES;
				CLANG_WARN_CONSTANT_CONVERSION = YES;
				CLANG_WARN_DEPRECATED_OBJC_IMPLEMENTATIONS = YES;
				CLANG_WARN_DIRECT_OBJC_ISA_USAGE = YES_ERROR;
				CLANG_WARN_DOCUMENTATION_COMMENTS = YES;
				CLANG_WARN_EMPTY_BODY = YES;
				CLANG_WARN_ENUM_CONVERSION = YES;
				CLANG_WARN_INFINITE_RECURSION = YES;
				CLANG_WARN_INT_CONVERSION = YES;
				CLANG_WARN_NON_LITERAL_NULL_CONVERSION = YES;
				CLANG_WARN_OBJC_IMPLICIT_RETAIN_SELF = YES;
				CLANG_WARN_OBJC_LITERAL_CONVERSION = YES;
				CLANG_WARN_OBJC_ROOT_CLASS = YES_ERROR;
				CLANG_WARN_RANGE_LOOP_ANALYSIS = YES;
				CLANG_WARN_STRICT_PROTOTYPES = YES;
				CLANG_WARN_SUSPICIOUS_MOVE = YES;
				CLANG_WARN_UNGUARDED_AVAILABILITY = YES_AGGRESSIVE;
				CLANG_WARN_UNREACHABLE_CODE = YES;
				CLANG_WARN__DUPLICATE_METHOD_MATCH = YES;
				COPY_PHASE_STRIP = NO;
				DEBUG_INFORMATION_FORMAT = dwarf;
				ENABLE_STRICT_OBJC_MSGSEND = YES;
				ENABLE_TESTABILITY = YES;
				GCC_C_LANGUAGE_STANDARD = gnu11;
				GCC_DYNAMIC_NO_PIC = NO;
				GCC_NO_COMMON_BLOCKS = YES;
				GCC_OPTIMIZATION_LEVEL = 0;
				GCC_PREPROCESSOR_DEFINITIONS = (
					"DEBUG=1",
					"$(inherited)",
				);
				GCC_WARN_64_TO_32_BIT_CONVERSION = YES;
				GCC_WARN_ABOUT_RETURN_TYPE = YES_ERROR;
				GCC_WARN_UNDECLARED_SELECTOR = YES;
				GCC_WARN_UNINITIALIZED_AUTOS = YES_AGGRESSIVE;
				GCC_WARN_UNUSED_FUNCTION = YES;
				GCC_WARN_UNUSED_VARIABLE = YES;
				IPHONEOS_DEPLOYMENT_TARGET = 13.1;
				MTL_ENABLE_DEBUG_INFO = INCLUDE_SOURCE;
				MTL_FAST_MATH = YES;
				ONLY_ACTIVE_ARCH = YES;
				SDKROOT = iphoneos;
				SWIFT_ACTIVE_COMPILATION_CONDITIONS = DEBUG;
				SWIFT_OPTIMIZATION_LEVEL = "-Onone";
			};
			name = Debug;
		};
		0B3523D023BDE1E9005EC506 /* Release */ = {
			isa = XCBuildConfiguration;
			buildSettings = {
				ALWAYS_SEARCH_USER_PATHS = NO;
				CLANG_ANALYZER_NONNULL = YES;
				CLANG_ANALYZER_NUMBER_OBJECT_CONVERSION = YES_AGGRESSIVE;
				CLANG_CXX_LANGUAGE_STANDARD = "gnu++14";
				CLANG_CXX_LIBRARY = "libc++";
				CLANG_ENABLE_MODULES = YES;
				CLANG_ENABLE_OBJC_ARC = YES;
				CLANG_ENABLE_OBJC_WEAK = YES;
				CLANG_WARN_BLOCK_CAPTURE_AUTORELEASING = YES;
				CLANG_WARN_BOOL_CONVERSION = YES;
				CLANG_WARN_COMMA = YES;
				CLANG_WARN_CONSTANT_CONVERSION = YES;
				CLANG_WARN_DEPRECATED_OBJC_IMPLEMENTATIONS = YES;
				CLANG_WARN_DIRECT_OBJC_ISA_USAGE = YES_ERROR;
				CLANG_WARN_DOCUMENTATION_COMMENTS = YES;
				CLANG_WARN_EMPTY_BODY = YES;
				CLANG_WARN_ENUM_CONVERSION = YES;
				CLANG_WARN_INFINITE_RECURSION = YES;
				CLANG_WARN_INT_CONVERSION = YES;
				CLANG_WARN_NON_LITERAL_NULL_CONVERSION = YES;
				CLANG_WARN_OBJC_IMPLICIT_RETAIN_SELF = YES;
				CLANG_WARN_OBJC_LITERAL_CONVERSION = YES;
				CLANG_WARN_OBJC_ROOT_CLASS = YES_ERROR;
				CLANG_WARN_RANGE_LOOP_ANALYSIS = YES;
				CLANG_WARN_STRICT_PROTOTYPES = YES;
				CLANG_WARN_SUSPICIOUS_MOVE = YES;
				CLANG_WARN_UNGUARDED_AVAILABILITY = YES_AGGRESSIVE;
				CLANG_WARN_UNREACHABLE_CODE = YES;
				CLANG_WARN__DUPLICATE_METHOD_MATCH = YES;
				COPY_PHASE_STRIP = NO;
				DEBUG_INFORMATION_FORMAT = "dwarf-with-dsym";
				ENABLE_NS_ASSERTIONS = NO;
				ENABLE_STRICT_OBJC_MSGSEND = YES;
				GCC_C_LANGUAGE_STANDARD = gnu11;
				GCC_NO_COMMON_BLOCKS = YES;
				GCC_WARN_64_TO_32_BIT_CONVERSION = YES;
				GCC_WARN_ABOUT_RETURN_TYPE = YES_ERROR;
				GCC_WARN_UNDECLARED_SELECTOR = YES;
				GCC_WARN_UNINITIALIZED_AUTOS = YES_AGGRESSIVE;
				GCC_WARN_UNUSED_FUNCTION = YES;
				GCC_WARN_UNUSED_VARIABLE = YES;
				IPHONEOS_DEPLOYMENT_TARGET = 13.1;
				MTL_ENABLE_DEBUG_INFO = NO;
				MTL_FAST_MATH = YES;
				SDKROOT = iphoneos;
				SWIFT_COMPILATION_MODE = wholemodule;
				SWIFT_OPTIMIZATION_LEVEL = "-O";
				VALIDATE_PRODUCT = YES;
			};
			name = Release;
		};
		0B3523D223BDE1E9005EC506 /* Debug */ = {
			isa = XCBuildConfiguration;
			buildSettings = {
				ASSETCATALOG_COMPILER_APPICON_NAME = AppIcon;
				CODE_SIGN_STYLE = Automatic;
				INFOPLIST_FILE = "Relm Practice/Info.plist";
				LD_RUNPATH_SEARCH_PATHS = (
					"$(inherited)",
					"@executable_path/Frameworks",
				);
				PRODUCT_BUNDLE_IDENTIFIER = "com.csesifat.Relm-Practice";
				PRODUCT_NAME = "$(TARGET_NAME)";
				SWIFT_VERSION = 5.0;
				TARGETED_DEVICE_FAMILY = "1,2";
			};
			name = Debug;
		};
		0B3523D323BDE1E9005EC506 /* Release */ = {
			isa = XCBuildConfiguration;
			buildSettings = {
				ASSETCATALOG_COMPILER_APPICON_NAME = AppIcon;
				CODE_SIGN_STYLE = Automatic;
				INFOPLIST_FILE = "Relm Practice/Info.plist";
				LD_RUNPATH_SEARCH_PATHS = (
					"$(inherited)",
					"@executable_path/Frameworks",
				);
				PRODUCT_BUNDLE_IDENTIFIER = "com.csesifat.Relm-Practice";
				PRODUCT_NAME = "$(TARGET_NAME)";
				SWIFT_VERSION = 5.0;
				TARGETED_DEVICE_FAMILY = "1,2";
			};
			name = Release;
		};
/* End XCBuildConfiguration section */

/* Begin XCConfigurationList section */
		0B3523B823BDE1E4005EC506 /* Build configuration list for PBXProject "Relm Practice" */ = {
			isa = XCConfigurationList;
			buildConfigurations = (
				0B3523CF23BDE1E9005EC506 /* Debug */,
				0B3523D023BDE1E9005EC506 /* Release */,
			);
			defaultConfigurationIsVisible = 0;
			defaultConfigurationName = Release;
		};
		0B3523D123BDE1E9005EC506 /* Build configuration list for PBXNativeTarget "Relm Practice" */ = {
			isa = XCConfigurationList;
			buildConfigurations = (
				0B3523D223BDE1E9005EC506 /* Debug */,
				0B3523D323BDE1E9005EC506 /* Release */,
			);
			defaultConfigurationIsVisible = 0;
			defaultConfigurationName = Release;
		};
/* End XCConfigurationList section */

/* Begin XCRemoteSwiftPackageReference section */
		0B3523D523BDEC55005EC506 /* XCRemoteSwiftPackageReference "realm-cocoa" */ = {
			isa = XCRemoteSwiftPackageReference;
			repositoryURL = "https://github.com/realm/realm-cocoa.git";
			requirement = {
				kind = upToNextMajorVersion;
				minimumVersion = 4.3.0;
			};
		};
/* End XCRemoteSwiftPackageReference section */

/* Begin XCSwiftPackageProductDependency section */
		0B3523D623BDEC55005EC506 /* Realm */ = {
			isa = XCSwiftPackageProductDependency;
			package = 0B3523D523BDEC55005EC506 /* XCRemoteSwiftPackageReference "realm-cocoa" */;
			productName = Realm;
		};
		0B3523D823BDEC56005EC506 /* RealmSwift */ = {
			isa = XCSwiftPackageProductDependency;
			package = 0B3523D523BDEC55005EC506 /* XCRemoteSwiftPackageReference "realm-cocoa" */;
			productName = RealmSwift;
		};
/* End XCSwiftPackageProductDependency section */
	};
	rootObject = 0B3523B523BDE1E4005EC506 /* Project object */;
}
